
Microsoft Visual Studio Solution File, Format Version 12.00
# Visual Studio for Mac
Project("{FAE04EC0-301F-11D3-BF4B-00C04F79EFBC}") = "Assembly-CSharp", "Assembly-CSharp.csproj", "{A3A9E174-F848-6B03-1102-63DC4D0E3694}"
EndProject
Project("{FAE04EC0-301F-11D3-BF4B-00C04F79EFBC}") = "Assembly-CSharp-Editor", "Assembly-CSharp-Editor.csproj", "{3A8B65A6-C6A7-49C0-AF12-2B85D06FE3CD}"
EndProject
Global
	GlobalSection(SolutionConfigurationPlatforms) = preSolution
		Debug|Any CPU = Debug|Any CPU
		Release|Any CPU = Release|Any CPU
	EndGlobalSection
	GlobalSection(ProjectConfigurationPlatforms) = postSolution
		{A3A9E174-F848-6B03-1102-63DC4D0E3694}.Debug|Any CPU.ActiveCfg = Debug|Any CPU
		{A3A9E174-F848-6B03-1102-63DC4D0E3694}.Debug|Any CPU.Build.0 = Debug|Any CPU
		{A3A9E174-F848-6B03-1102-63DC4D0E3694}.Release|Any CPU.ActiveCfg = Release|Any CPU
		{A3A9E174-F848-6B03-1102-63DC4D0E3694}.Release|Any CPU.Build.0 = Release|Any CPU
		{3A8B65A6-C6A7-49C0-AF12-2B85D06FE3CD}.Debug|Any CPU.ActiveCfg = Debug|Any CPU
		{3A8B65A6-C6A7-49C0-AF12-2B85D06FE3CD}.Debug|Any CPU.Build.0 = Debug|Any CPU
		{3A8B65A6-C6A7-49C0-AF12-2B85D06FE3CD}.Release|Any CPU.ActiveCfg = Release|Any CPU
		{3A8B65A6-C6A7-49C0-AF12-2B85D06FE3CD}.Release|Any CPU.Build.0 = Release|Any CPU
	EndGlobalSection
	GlobalSection(SolutionProperties) = preSolution
		HideSolutionNode = FALSE
	EndGlobalSection
EndGlobal
